
Microsoft Visual Studio Solution File, Format Version 12.00
# Visual Studio Version 17
VisualStudioVersion = 17.2.32602.215
MinimumVisualStudioVersion = 10.0.40219.1
Project("{9A19103F-16F7-4668-BE54-9A1E7A4F7556}") = "Common", "src\Common\Common.csproj", "{DE81F0BB-0FE0-4161-BB17-3ADB2CC902F3}"
EndProject
Project("{9A19103F-16F7-4668-BE54-9A1E7A4F7556}") = "Configuration", "src\Configuration\Configuration.csproj", "{049A01A4-92E9-4167-8093-61B12772D881}"
EndProject
Project("{9A19103F-16F7-4668-BE54-9A1E7A4F7556}") = "IO.Compression", "src\IO.Compression\IO.Compression.csproj", "{CB4DA25B-3AEA-4A9F-98D2-A582B90936A9}"
EndProject
Project("{9A19103F-16F7-4668-BE54-9A1E7A4F7556}") = "Logging", "src\Logging\Logging.csproj", "{0BF22EC9-E32A-42F3-92BF-1E27BC61CE36}"
EndProject
Project("{9A19103F-16F7-4668-BE54-9A1E7A4F7556}") = "Reactive", "src\Reactive\Reactive.csproj", "{A1E01D2E-26AA-4EAE-A552-9510189382B7}"
EndProject
Project("{9A19103F-16F7-4668-BE54-9A1E7A4F7556}") = "Security.Cryptography", "src\Security.Cryptography\Security.Cryptography.csproj", "{DD2C53B6-583E-4CA8-A8B0-19EA2C5D31BA}"
EndProject
Project("{9A19103F-16F7-4668-BE54-9A1E7A4F7556}") = "Data.SqlClient", "src\Data.SqlClient\Data.SqlClient.csproj", "{0678546E-6719-4D4F-B7FD-DB50F8160A3D}"
EndProject
Project("{9A19103F-16F7-4668-BE54-9A1E7A4F7556}") = "Html", "src\Html\Html.csproj", "{5E6580D0-0726-4AEE-896B-3F4A602962DC}"
EndProject
Project("{9A19103F-16F7-4668-BE54-9A1E7A4F7556}") = "EntityFrameworkCore", "src\EntityFrameworkCore\EntityFrameworkCore.csproj", "{DF1112AB-53BA-4A12-BBC6-A3482850F057}"
EndProject
Project("{9A19103F-16F7-4668-BE54-9A1E7A4F7556}") = "AspNetCore", "src\AspNetCore\AspNetCore.csproj", "{35740F36-87A3-46B1-A8A2-3A374BC79CED}"
EndProject
Project("{2150E333-8FDC-42A3-9474-1A3956D46DE8}") = "_Solution Items", "_Solution Items", "{8DE82B69-A512-4953-B0B5-1013AF3C8FBF}"
	ProjectSection(SolutionItems) = preProject
		.editorconfig = .editorconfig
		.gitignore = .gitignore
		src\Directory.Build.props = src\Directory.Build.props
		.github\workflows\dotnet.yml = .github\workflows\dotnet.yml
		LICENSE = LICENSE
		README.md = README.md
	EndProjectSection
EndProject
Project("{9A19103F-16F7-4668-BE54-9A1E7A4F7556}") = "Caching", "src\Caching\Caching.csproj", "{65ACBE82-8821-4D9F-BCA4-D7429AC6DB8D}"
EndProject
Project("{9A19103F-16F7-4668-BE54-9A1E7A4F7556}") = "Json", "src\Json\Json.csproj", "{CBA995A6-7D64-4A0D-A780-B544B233D5CF}"
EndProject
Project("{9A19103F-16F7-4668-BE54-9A1E7A4F7556}") = "ProtocolBuffers", "src\ProtocolBuffers\ProtocolBuffers.csproj", "{DCB965AE-AE8F-494F-B982-E6A2AB21CFF4}"
EndProject
Project("{9A19103F-16F7-4668-BE54-9A1E7A4F7556}") = "MemoryCache", "src\MemoryCache\MemoryCache.csproj", "{DC6B0A95-F160-4722-96FB-CEEE2CFF37EB}"
EndProject
Project("{9A19103F-16F7-4668-BE54-9A1E7A4F7556}") = "Redis", "src\Redis\Redis.csproj", "{6788F374-F472-4E8F-A8F8-4A32C29F83DD}"
EndProject
Project("{9A19103F-16F7-4668-BE54-9A1E7A4F7556}") = "SqlCache", "src\SqlCache\SqlCache.csproj", "{F64BB1DE-AD46-48AA-8D74-3AF55FAD767C}"
EndProject
Project("{2150E333-8FDC-42A3-9474-1A3956D46DE8}") = "Cache", "Cache", "{D0351A3E-B686-44A8-A26F-03B996F30862}"
EndProject
Project("{9A19103F-16F7-4668-BE54-9A1E7A4F7556}") = "CosmosDB", "src\CosmosDB\CosmosDB.csproj", "{770A5F71-CB19-49A3-AE9A-4AAB81ECD52E}"
EndProject
Project("{9A19103F-16F7-4668-BE54-9A1E7A4F7556}") = "AzureStorageCache", "src\AzureStorageCache\AzureStorageCache.csproj", "{0989A147-7AED-4CB9-8281-22AD023E8EDE}"
EndProject
Project("{2150E333-8FDC-42A3-9474-1A3956D46DE8}") = "Tests", "Tests", "{CC6AAA3F-5241-4E48-90F2-D2A882C4F486}"
EndProject
Project("{9A19103F-16F7-4668-BE54-9A1E7A4F7556}") = "Json.Tests", "test\Json\Json.Tests.csproj", "{982A9DB3-DF04-4B1E-999F-F95D8D68A494}"
EndProject
Project("{9A19103F-16F7-4668-BE54-9A1E7A4F7556}") = "Xunit", "src\Xunit\Xunit.csproj", "{EEE5CCB4-0AD1-4E82-9780-EFE806AB469C}"
EndProject
Project("{9A19103F-16F7-4668-BE54-9A1E7A4F7556}") = "Testing", "src\Testing\Testing.csproj", "{D9A23E90-F878-4844-A495-390E94979CAA}"
EndProject
Project("{9A19103F-16F7-4668-BE54-9A1E7A4F7556}") = "Swagger", "src\Swagger\Swagger.csproj", "{E1D37079-C0B4-4AFF-8B11-6CF87C3352EE}"
EndProject
Project("{9A19103F-16F7-4668-BE54-9A1E7A4F7556}") = "Azure", "src\Azure\Azure.csproj", "{7522E18E-6877-4EB3-89F1-604CD97421C9}"
EndProject
Project("{9A19103F-16F7-4668-BE54-9A1E7A4F7556}") = "Extensions", "src\Extensions\Extensions.csproj", "{0D1DE70F-B909-4377-BA84-0B29DB318842}"
EndProject
Project("{9A19103F-16F7-4668-BE54-9A1E7A4F7556}") = "AutoMapper", "src\AutoMapper\AutoMapper.csproj", "{07C990B4-52E7-4174-9702-A945A4990AAC}"
EndProject
Project("{9A19103F-16F7-4668-BE54-9A1E7A4F7556}") = "DependencyInjection", "src\DependencyInjection\DependencyInjection.csproj", "{E1B9A73A-CA46-4B02-87C9-656E28F57743}"
EndProject
Project("{9A19103F-16F7-4668-BE54-9A1E7A4F7556}") = "Diagnostics", "src\Diagnostics\Diagnostics.csproj", "{BA70D45E-A5F5-4989-AAE6-B2F9DA922065}"
EndProject
Project("{9A19103F-16F7-4668-BE54-9A1E7A4F7556}") = "Common.Tests", "test\Common\Common.Tests.csproj", "{4493B577-BBE2-4F21-B48B-2E601B7DE309}"
EndProject
Project("{9A19103F-16F7-4668-BE54-9A1E7A4F7556}") = "Http", "src\Http\Http.csproj", "{CCAF234D-1039-46F8-9874-3D4C258999D4}"
EndProject
Project("{9A19103F-16F7-4668-BE54-9A1E7A4F7556}") = "Cosmos", "src\Cosmos\Cosmos.csproj", "{628AD1B4-D837-43BA-A258-E79B767B21B7}"
EndProject
Global
	GlobalSection(SolutionConfigurationPlatforms) = preSolution
		Debug|Any CPU = Debug|Any CPU
		Release|Any CPU = Release|Any CPU
	EndGlobalSection
	GlobalSection(ProjectConfigurationPlatforms) = postSolution
		{DE81F0BB-0FE0-4161-BB17-3ADB2CC902F3}.Debug|Any CPU.ActiveCfg = Debug|Any CPU
		{DE81F0BB-0FE0-4161-BB17-3ADB2CC902F3}.Debug|Any CPU.Build.0 = Debug|Any CPU
		{DE81F0BB-0FE0-4161-BB17-3ADB2CC902F3}.Release|Any CPU.ActiveCfg = Release|Any CPU
		{DE81F0BB-0FE0-4161-BB17-3ADB2CC902F3}.Release|Any CPU.Build.0 = Release|Any CPU
		{049A01A4-92E9-4167-8093-61B12772D881}.Debug|Any CPU.ActiveCfg = Debug|Any CPU
		{049A01A4-92E9-4167-8093-61B12772D881}.Debug|Any CPU.Build.0 = Debug|Any CPU
		{049A01A4-92E9-4167-8093-61B12772D881}.Release|Any CPU.ActiveCfg = Release|Any CPU
		{049A01A4-92E9-4167-8093-61B12772D881}.Release|Any CPU.Build.0 = Release|Any CPU
		{CB4DA25B-3AEA-4A9F-98D2-A582B90936A9}.Debug|Any CPU.ActiveCfg = Debug|Any CPU
		{CB4DA25B-3AEA-4A9F-98D2-A582B90936A9}.Debug|Any CPU.Build.0 = Debug|Any CPU
		{CB4DA25B-3AEA-4A9F-98D2-A582B90936A9}.Release|Any CPU.ActiveCfg = Release|Any CPU
		{CB4DA25B-3AEA-4A9F-98D2-A582B90936A9}.Release|Any CPU.Build.0 = Release|Any CPU
		{0BF22EC9-E32A-42F3-92BF-1E27BC61CE36}.Debug|Any CPU.ActiveCfg = Debug|Any CPU
		{0BF22EC9-E32A-42F3-92BF-1E27BC61CE36}.Debug|Any CPU.Build.0 = Debug|Any CPU
		{0BF22EC9-E32A-42F3-92BF-1E27BC61CE36}.Release|Any CPU.ActiveCfg = Release|Any CPU
		{0BF22EC9-E32A-42F3-92BF-1E27BC61CE36}.Release|Any CPU.Build.0 = Release|Any CPU
		{A1E01D2E-26AA-4EAE-A552-9510189382B7}.Debug|Any CPU.ActiveCfg = Debug|Any CPU
		{A1E01D2E-26AA-4EAE-A552-9510189382B7}.Debug|Any CPU.Build.0 = Debug|Any CPU
		{A1E01D2E-26AA-4EAE-A552-9510189382B7}.Release|Any CPU.ActiveCfg = Release|Any CPU
		{A1E01D2E-26AA-4EAE-A552-9510189382B7}.Release|Any CPU.Build.0 = Release|Any CPU
		{DD2C53B6-583E-4CA8-A8B0-19EA2C5D31BA}.Debug|Any CPU.ActiveCfg = Debug|Any CPU
		{DD2C53B6-583E-4CA8-A8B0-19EA2C5D31BA}.Debug|Any CPU.Build.0 = Debug|Any CPU
		{DD2C53B6-583E-4CA8-A8B0-19EA2C5D31BA}.Release|Any CPU.ActiveCfg = Release|Any CPU
		{DD2C53B6-583E-4CA8-A8B0-19EA2C5D31BA}.Release|Any CPU.Build.0 = Release|Any CPU
		{0678546E-6719-4D4F-B7FD-DB50F8160A3D}.Debug|Any CPU.ActiveCfg = Debug|Any CPU
		{0678546E-6719-4D4F-B7FD-DB50F8160A3D}.Debug|Any CPU.Build.0 = Debug|Any CPU
		{0678546E-6719-4D4F-B7FD-DB50F8160A3D}.Release|Any CPU.ActiveCfg = Release|Any CPU
		{0678546E-6719-4D4F-B7FD-DB50F8160A3D}.Release|Any CPU.Build.0 = Release|Any CPU
		{5E6580D0-0726-4AEE-896B-3F4A602962DC}.Debug|Any CPU.ActiveCfg = Debug|Any CPU
		{5E6580D0-0726-4AEE-896B-3F4A602962DC}.Debug|Any CPU.Build.0 = Debug|Any CPU
		{5E6580D0-0726-4AEE-896B-3F4A602962DC}.Release|Any CPU.ActiveCfg = Release|Any CPU
		{5E6580D0-0726-4AEE-896B-3F4A602962DC}.Release|Any CPU.Build.0 = Release|Any CPU
		{DF1112AB-53BA-4A12-BBC6-A3482850F057}.Debug|Any CPU.ActiveCfg = Debug|Any CPU
		{DF1112AB-53BA-4A12-BBC6-A3482850F057}.Debug|Any CPU.Build.0 = Debug|Any CPU
		{DF1112AB-53BA-4A12-BBC6-A3482850F057}.Release|Any CPU.ActiveCfg = Release|Any CPU
		{DF1112AB-53BA-4A12-BBC6-A3482850F057}.Release|Any CPU.Build.0 = Release|Any CPU
		{35740F36-87A3-46B1-A8A2-3A374BC79CED}.Debug|Any CPU.ActiveCfg = Debug|Any CPU
		{35740F36-87A3-46B1-A8A2-3A374BC79CED}.Debug|Any CPU.Build.0 = Debug|Any CPU
		{35740F36-87A3-46B1-A8A2-3A374BC79CED}.Release|Any CPU.ActiveCfg = Release|Any CPU
		{35740F36-87A3-46B1-A8A2-3A374BC79CED}.Release|Any CPU.Build.0 = Release|Any CPU
		{65ACBE82-8821-4D9F-BCA4-D7429AC6DB8D}.Debug|Any CPU.ActiveCfg = Debug|Any CPU
		{65ACBE82-8821-4D9F-BCA4-D7429AC6DB8D}.Debug|Any CPU.Build.0 = Debug|Any CPU
		{65ACBE82-8821-4D9F-BCA4-D7429AC6DB8D}.Release|Any CPU.ActiveCfg = Release|Any CPU
		{65ACBE82-8821-4D9F-BCA4-D7429AC6DB8D}.Release|Any CPU.Build.0 = Release|Any CPU
		{CBA995A6-7D64-4A0D-A780-B544B233D5CF}.Debug|Any CPU.ActiveCfg = Debug|Any CPU
		{CBA995A6-7D64-4A0D-A780-B544B233D5CF}.Debug|Any CPU.Build.0 = Debug|Any CPU
		{CBA995A6-7D64-4A0D-A780-B544B233D5CF}.Release|Any CPU.ActiveCfg = Release|Any CPU
		{CBA995A6-7D64-4A0D-A780-B544B233D5CF}.Release|Any CPU.Build.0 = Release|Any CPU
		{DCB965AE-AE8F-494F-B982-E6A2AB21CFF4}.Debug|Any CPU.ActiveCfg = Debug|Any CPU
		{DCB965AE-AE8F-494F-B982-E6A2AB21CFF4}.Debug|Any CPU.Build.0 = Debug|Any CPU
		{DCB965AE-AE8F-494F-B982-E6A2AB21CFF4}.Release|Any CPU.ActiveCfg = Release|Any CPU
		{DCB965AE-AE8F-494F-B982-E6A2AB21CFF4}.Release|Any CPU.Build.0 = Release|Any CPU
		{DC6B0A95-F160-4722-96FB-CEEE2CFF37EB}.Debug|Any CPU.ActiveCfg = Debug|Any CPU
		{DC6B0A95-F160-4722-96FB-CEEE2CFF37EB}.Debug|Any CPU.Build.0 = Debug|Any CPU
		{DC6B0A95-F160-4722-96FB-CEEE2CFF37EB}.Release|Any CPU.ActiveCfg = Release|Any CPU
		{DC6B0A95-F160-4722-96FB-CEEE2CFF37EB}.Release|Any CPU.Build.0 = Release|Any CPU
		{6788F374-F472-4E8F-A8F8-4A32C29F83DD}.Debug|Any CPU.ActiveCfg = Debug|Any CPU
		{6788F374-F472-4E8F-A8F8-4A32C29F83DD}.Debug|Any CPU.Build.0 = Debug|Any CPU
		{6788F374-F472-4E8F-A8F8-4A32C29F83DD}.Release|Any CPU.ActiveCfg = Release|Any CPU
		{6788F374-F472-4E8F-A8F8-4A32C29F83DD}.Release|Any CPU.Build.0 = Release|Any CPU
		{F64BB1DE-AD46-48AA-8D74-3AF55FAD767C}.Debug|Any CPU.ActiveCfg = Debug|Any CPU
		{F64BB1DE-AD46-48AA-8D74-3AF55FAD767C}.Debug|Any CPU.Build.0 = Debug|Any CPU
		{F64BB1DE-AD46-48AA-8D74-3AF55FAD767C}.Release|Any CPU.ActiveCfg = Release|Any CPU
		{F64BB1DE-AD46-48AA-8D74-3AF55FAD767C}.Release|Any CPU.Build.0 = Release|Any CPU
		{770A5F71-CB19-49A3-AE9A-4AAB81ECD52E}.Debug|Any CPU.ActiveCfg = Debug|Any CPU
		{770A5F71-CB19-49A3-AE9A-4AAB81ECD52E}.Debug|Any CPU.Build.0 = Debug|Any CPU
		{770A5F71-CB19-49A3-AE9A-4AAB81ECD52E}.Release|Any CPU.ActiveCfg = Release|Any CPU
		{770A5F71-CB19-49A3-AE9A-4AAB81ECD52E}.Release|Any CPU.Build.0 = Release|Any CPU
		{0989A147-7AED-4CB9-8281-22AD023E8EDE}.Debug|Any CPU.ActiveCfg = Debug|Any CPU
		{0989A147-7AED-4CB9-8281-22AD023E8EDE}.Debug|Any CPU.Build.0 = Debug|Any CPU
		{0989A147-7AED-4CB9-8281-22AD023E8EDE}.Release|Any CPU.ActiveCfg = Release|Any CPU
		{0989A147-7AED-4CB9-8281-22AD023E8EDE}.Release|Any CPU.Build.0 = Release|Any CPU
		{982A9DB3-DF04-4B1E-999F-F95D8D68A494}.Debug|Any CPU.ActiveCfg = Debug|Any CPU
		{982A9DB3-DF04-4B1E-999F-F95D8D68A494}.Debug|Any CPU.Build.0 = Debug|Any CPU
		{982A9DB3-DF04-4B1E-999F-F95D8D68A494}.Release|Any CPU.ActiveCfg = Release|Any CPU
		{982A9DB3-DF04-4B1E-999F-F95D8D68A494}.Release|Any CPU.Build.0 = Release|Any CPU
		{EEE5CCB4-0AD1-4E82-9780-EFE806AB469C}.Debug|Any CPU.ActiveCfg = Debug|Any CPU
		{EEE5CCB4-0AD1-4E82-9780-EFE806AB469C}.Debug|Any CPU.Build.0 = Debug|Any CPU
		{EEE5CCB4-0AD1-4E82-9780-EFE806AB469C}.Release|Any CPU.ActiveCfg = Release|Any CPU
		{EEE5CCB4-0AD1-4E82-9780-EFE806AB469C}.Release|Any CPU.Build.0 = Release|Any CPU
		{D9A23E90-F878-4844-A495-390E94979CAA}.Debug|Any CPU.ActiveCfg = Debug|Any CPU
		{D9A23E90-F878-4844-A495-390E94979CAA}.Debug|Any CPU.Build.0 = Debug|Any CPU
		{D9A23E90-F878-4844-A495-390E94979CAA}.Release|Any CPU.ActiveCfg = Release|Any CPU
		{D9A23E90-F878-4844-A495-390E94979CAA}.Release|Any CPU.Build.0 = Release|Any CPU
		{E1D37079-C0B4-4AFF-8B11-6CF87C3352EE}.Debug|Any CPU.ActiveCfg = Debug|Any CPU
		{E1D37079-C0B4-4AFF-8B11-6CF87C3352EE}.Debug|Any CPU.Build.0 = Debug|Any CPU
		{E1D37079-C0B4-4AFF-8B11-6CF87C3352EE}.Release|Any CPU.ActiveCfg = Release|Any CPU
		{E1D37079-C0B4-4AFF-8B11-6CF87C3352EE}.Release|Any CPU.Build.0 = Release|Any CPU
		{7522E18E-6877-4EB3-89F1-604CD97421C9}.Debug|Any CPU.ActiveCfg = Debug|Any CPU
		{7522E18E-6877-4EB3-89F1-604CD97421C9}.Debug|Any CPU.Build.0 = Debug|Any CPU
		{7522E18E-6877-4EB3-89F1-604CD97421C9}.Release|Any CPU.ActiveCfg = Release|Any CPU
		{7522E18E-6877-4EB3-89F1-604CD97421C9}.Release|Any CPU.Build.0 = Release|Any CPU
		{0D1DE70F-B909-4377-BA84-0B29DB318842}.Debug|Any CPU.ActiveCfg = Debug|Any CPU
		{0D1DE70F-B909-4377-BA84-0B29DB318842}.Debug|Any CPU.Build.0 = Debug|Any CPU
		{0D1DE70F-B909-4377-BA84-0B29DB318842}.Release|Any CPU.ActiveCfg = Release|Any CPU
		{0D1DE70F-B909-4377-BA84-0B29DB318842}.Release|Any CPU.Build.0 = Release|Any CPU
		{07C990B4-52E7-4174-9702-A945A4990AAC}.Debug|Any CPU.ActiveCfg = Debug|Any CPU
		{07C990B4-52E7-4174-9702-A945A4990AAC}.Debug|Any CPU.Build.0 = Debug|Any CPU
		{07C990B4-52E7-4174-9702-A945A4990AAC}.Release|Any CPU.ActiveCfg = Release|Any CPU
		{07C990B4-52E7-4174-9702-A945A4990AAC}.Release|Any CPU.Build.0 = Release|Any CPU
		{E1B9A73A-CA46-4B02-87C9-656E28F57743}.Debug|Any CPU.ActiveCfg = Debug|Any CPU
		{E1B9A73A-CA46-4B02-87C9-656E28F57743}.Debug|Any CPU.Build.0 = Debug|Any CPU
		{E1B9A73A-CA46-4B02-87C9-656E28F57743}.Release|Any CPU.ActiveCfg = Release|Any CPU
		{E1B9A73A-CA46-4B02-87C9-656E28F57743}.Release|Any CPU.Build.0 = Release|Any CPU
		{BA70D45E-A5F5-4989-AAE6-B2F9DA922065}.Debug|Any CPU.ActiveCfg = Debug|Any CPU
		{BA70D45E-A5F5-4989-AAE6-B2F9DA922065}.Debug|Any CPU.Build.0 = Debug|Any CPU
		{BA70D45E-A5F5-4989-AAE6-B2F9DA922065}.Release|Any CPU.ActiveCfg = Release|Any CPU
		{BA70D45E-A5F5-4989-AAE6-B2F9DA922065}.Release|Any CPU.Build.0 = Release|Any CPU
		{4493B577-BBE2-4F21-B48B-2E601B7DE309}.Debug|Any CPU.ActiveCfg = Debug|Any CPU
		{4493B577-BBE2-4F21-B48B-2E601B7DE309}.Debug|Any CPU.Build.0 = Debug|Any CPU
		{4493B577-BBE2-4F21-B48B-2E601B7DE309}.Release|Any CPU.ActiveCfg = Release|Any CPU
		{4493B577-BBE2-4F21-B48B-2E601B7DE309}.Release|Any CPU.Build.0 = Release|Any CPU
		{CCAF234D-1039-46F8-9874-3D4C258999D4}.Debug|Any CPU.ActiveCfg = Debug|Any CPU
		{CCAF234D-1039-46F8-9874-3D4C258999D4}.Debug|Any CPU.Build.0 = Debug|Any CPU
		{CCAF234D-1039-46F8-9874-3D4C258999D4}.Release|Any CPU.ActiveCfg = Release|Any CPU
		{CCAF234D-1039-46F8-9874-3D4C258999D4}.Release|Any CPU.Build.0 = Release|Any CPU
		{628AD1B4-D837-43BA-A258-E79B767B21B7}.Debug|Any CPU.ActiveCfg = Debug|Any CPU
		{628AD1B4-D837-43BA-A258-E79B767B21B7}.Debug|Any CPU.Build.0 = Debug|Any CPU
		{628AD1B4-D837-43BA-A258-E79B767B21B7}.Release|Any CPU.ActiveCfg = Release|Any CPU
		{628AD1B4-D837-43BA-A258-E79B767B21B7}.Release|Any CPU.Build.0 = Release|Any CPU
	EndGlobalSection
	GlobalSection(SolutionProperties) = preSolution
		HideSolutionNode = FALSE
	EndGlobalSection
	GlobalSection(NestedProjects) = preSolution
		{65ACBE82-8821-4D9F-BCA4-D7429AC6DB8D} = {D0351A3E-B686-44A8-A26F-03B996F30862}
		{DC6B0A95-F160-4722-96FB-CEEE2CFF37EB} = {D0351A3E-B686-44A8-A26F-03B996F30862}
		{6788F374-F472-4E8F-A8F8-4A32C29F83DD} = {D0351A3E-B686-44A8-A26F-03B996F30862}
		{F64BB1DE-AD46-48AA-8D74-3AF55FAD767C} = {D0351A3E-B686-44A8-A26F-03B996F30862}
		{0989A147-7AED-4CB9-8281-22AD023E8EDE} = {D0351A3E-B686-44A8-A26F-03B996F30862}
		{982A9DB3-DF04-4B1E-999F-F95D8D68A494} = {CC6AAA3F-5241-4E48-90F2-D2A882C4F486}
		{4493B577-BBE2-4F21-B48B-2E601B7DE309} = {CC6AAA3F-5241-4E48-90F2-D2A882C4F486}
	EndGlobalSection
	GlobalSection(ExtensibilityGlobals) = postSolution
		SolutionGuid = {01523752-AD6D-427C-AA4D-BFB9645BD920}
	EndGlobalSection
EndGlobal
